{
  "version": 1,
  "dependencies": {
    "net10.0": {
      "coverlet.collector": {
        "type": "Direct",
        "requested": "[8.0.1, )",
        "resolved": "8.0.1",
        "contentHash": "heVQl5tKYnnIDYlR1QMVGueYH6iriZTcZB6AjDczQNwZzxkjDIt9C84Pt4cCiZYrbo7jkZOYGWbs6Lo9wAtVLg=="
      },
      "Microsoft.NET.Test.Sdk": {
        "type": "Direct",
        "requested": "[17.14.1, )",
        "resolved": "17.14.1",
        "contentHash": "HJKqKOE+vshXra2aEHpi2TlxYX7Z9VFYkr+E5rwEvHC8eIXiyO+K9kNm8vmNom3e2rA56WqxU+/N9NJlLGXsJQ==",
        "dependencies": {
          "Microsoft.CodeCoverage": "17.14.1",
          "Microsoft.TestPlatform.TestHost": "17.14.1"
        }
      },
      "Moq": {
        "type": "Direct",
        "requested": "[4.20.72, )",
        "resolved": "4.20.72",
        "contentHash": "EA55cjyNn8eTNWrgrdZJH5QLFp2L43oxl1tlkoYUKIE9pRwL784OWiTXeCV5ApS+AMYEAlt7Fo03A2XfouvHmQ==",
        "dependencies": {
          "Castle.Core": "5.1.1"
        }
      },
      "xunit": {
        "type": "Direct",
        "requested": "[2.9.3, )",
        "resolved": "2.9.3",
        "contentHash": "TlXQBinK35LpOPKHAqbLY4xlEen9TBafjs0V5KnA4wZsoQLQJiirCR4CbIXvOH8NzkW4YeJKP5P/Bnrodm0h9Q==",
        "dependencies": {
          "xunit.analyzers": "1.18.0",
          "xunit.assert": "2.9.3",
          "xunit.core": "[2.9.3]"
        }
      },
      "xunit.runner.visualstudio": {
        "type": "Direct",
        "requested": "[3.1.4, )",
        "resolved": "3.1.4",
        "contentHash": "5mj99LvCqrq3CNi06xYdyIAXOEh+5b33F2nErCzI5zWiDdLHXiPXEWFSUAF8zlIv0ZWqjZNCwHTQeAPYbF3pCg=="
      },
      "Castle.Core": {
        "type": "Transitive",
        "resolved": "5.1.1",
        "contentHash": "rpYtIczkzGpf+EkZgDr9CClTdemhsrwA/W5hMoPjLkRFnXzH44zDLoovXeKtmxb1ykXK9aJVODSpiJml8CTw2g==",
        "dependencies": {
          "System.Diagnostics.EventLog": "6.0.0"
        }
      },
      "Microsoft.AspNetCore.OpenApi": {
        "type": "Transitive",
        "resolved": "10.0.5",
        "contentHash": "vTcxIfOPyfFbYk1g8YcXJfkMnlEWVkSnnjxcZLy60zgwiHMRf2SnZR+9E4HlpwKxgE3yfKMOti8J6WfKuKsw6w==",
        "dependencies": {
          "Microsoft.OpenApi": "2.0.0"
        }
      },
      "Microsoft.CodeCoverage": {
        "type": "Transitive",
        "resolved": "17.14.1",
        "contentHash": "pmTrhfFIoplzFVbhVwUquT+77CbGH+h4/3mBpdmIlYtBi9nAB+kKI6dN3A/nV4DFi3wLLx/BlHIPK+MkbQ6Tpg=="
      },
      "Microsoft.EntityFrameworkCore": {
        "type": "Transitive",
        "resolved": "10.0.0-preview.3.25171.6",
        "contentHash": "hGlI94rtMbyG23FZae9UZTLXN4pA6ai+DXg12bycJGlXFNy/27i6En030w3iGU19VIt0Cpb3/kQAWaPYUiCGng==",
        "dependencies": {
          "Microsoft.EntityFrameworkCore.Abstractions": "10.0.0-preview.3.25171.6",
          "Microsoft.Extensions.Caching.Memory": "10.0.0-preview.3.25171.5",
          "Microsoft.Extensions.Logging": "10.0.0-preview.3.25171.5"
        }
      },
      "Microsoft.EntityFrameworkCore.Abstractions": {
        "type": "Transitive",
        "resolved": "10.0.0-preview.3.25171.6",
        "contentHash": "rB1DoKy4rwrMSD0p/xYvZiGAq6UQc5cfrFPLLnYg3wBN3MeN+ZGasA2FXRT2r1EmAOM4VF0qQSvhUbHQh4DHnQ=="
      },
      "Microsoft.EntityFrameworkCore.InMemory": {
        "type": "Transitive",
        "resolved": "10.0.0-preview.3.25171.6",
        "contentHash": "0h1kavFp5VJgMWecziETnSv0bVKln05GZO3lDEinoNfH//EVUFdon7kJ/CO4EZJn28CoEXTUWTm5I1y2zMYtyw==",
        "dependencies": {
          "Microsoft.EntityFrameworkCore": "10.0.0-preview.3.25171.6",
          "Microsoft.Extensions.Caching.Memory": "10.0.0-preview.3.25171.5",
          "Microsoft.Extensions.Logging": "10.0.0-preview.3.25171.5"
        }
      },
      "Microsoft.Extensions.Caching.Abstractions": {
        "type": "Transitive",
        "resolved": "10.0.0-preview.3.25171.5",
        "contentHash": "oJFNHKEbW3heuX+yWWenXQl9iGu5yNwmnJMvq6uXHVe5/kem6ir/t/YnCWmKID4bqMBW+MABeQCGI6fSyHItQg==",
        "dependencies": {
          "Microsoft.Extensions.Primitives": "10.0.0-preview.3.25171.5"
        }
      },
      "Microsoft.Extensions.Caching.Memory": {
        "type": "Transitive",
        "resolved": "10.0.0-preview.3.25171.5",
        "contentHash": "4Acl7inrXHNCMjXiyaxpCCeO/cIf+rNE8OVQDWkztIG2l5H5tTRyja63obsE+Luv5OmGlU/LKu44UBCQZIA4cw==",
        "dependencies": {
          "Microsoft.Extensions.Caching.Abstractions": "10.0.0-preview.3.25171.5",
          "Microsoft.Extensions.DependencyInjection.Abstractions": "10.0.0-preview.3.25171.5",
          "Microsoft.Extensions.Logging.Abstractions": "10.0.0-preview.3.25171.5",
          "Microsoft.Extensions.Options": "10.0.0-preview.3.25171.5",
          "Microsoft.Extensions.Primitives": "10.0.0-preview.3.25171.5"
        }
      },
      "Microsoft.Extensions.DependencyInjection": {
        "type": "Transitive",
        "resolved": "10.0.0-preview.3.25171.5",
        "contentHash": "hghZ1OOgfgnvRJfetnomCqpszI3ocxIFEfhNHmLXWZM+Ec3oM1FBKOEvRjhl6R4aghCzUCOHDLww+DiKiTV/yA==",
        "dependencies": {
          "Microsoft.Extensions.DependencyInjection.Abstractions": "10.0.0-preview.3.25171.5"
        }
      },
      "Microsoft.Extensions.DependencyInjection.Abstractions": {
        "type": "Transitive",
        "resolved": "10.0.0-preview.3.25171.5",
        "contentHash": "kYUb9+gyWtphwC5ZPApnhJ8kYLFfeMwt0qHgMchfagjCVFFuwp4iyn9tSYe/mDmlyMxfaZ8XmatJttmXxfQT5g=="
      },
      "Microsoft.Extensions.Logging": {
        "type": "Transitive",
        "resolved": "10.0.0-preview.3.25171.5",
        "contentHash": "PEOOUx9CdEf98gSPbMHJS9BDrE+Ce8vjF6PRHTGDKmX1qRZebR4qdfMDUFiaqLKrTYBSzeptPhrgYC0bSlw9Og==",
        "dependencies": {
          "Microsoft.Extensions.DependencyInjection": "10.0.0-preview.3.25171.5",
          "Microsoft.Extensions.Logging.Abstractions": "10.0.0-preview.3.25171.5",
          "Microsoft.Extensions.Options": "10.0.0-preview.3.25171.5"
        }
      },
      "Microsoft.Extensions.Logging.Abstractions": {
        "type": "Transitive",
        "resolved": "10.0.0-preview.3.25171.5",
        "contentHash": "RelfzqJYDT+QGnda61isCoab/Xq8HWAK0tawwyCYm7r2voGs9r9igkxeFo43lAnFztVdOdslB+zQmJh0pZcXuw==",
        "dependencies": {
          "Microsoft.Extensions.DependencyInjection.Abstractions": "10.0.0-preview.3.25171.5"
        }
      },
      "Microsoft.Extensions.Options": {
        "type": "Transitive",
        "resolved": "10.0.0-preview.3.25171.5",
        "contentHash": "4UwRpSTCzTHSc5D1Os5gdtzJZTP2tdMRAfidJy23munK5PVm1uFBRUlyqu5n1bWPY8n1F6lee7AixJkbMP2DcA==",
        "dependencies": {
          "Microsoft.Extensions.DependencyInjection.Abstractions": "10.0.0-preview.3.25171.5",
          "Microsoft.Extensions.Primitives": "10.0.0-preview.3.25171.5"
        }
      },
      "Microsoft.Extensions.Primitives": {
        "type": "Transitive",
        "resolved": "10.0.0-preview.3.25171.5",
        "contentHash": "1U7p/PNQw7CGbbaAK1GTdVy/Fu85DC2h6DJHqvca12xtroVllU6KjboN590SxGxg2iz4sHM+joYpYSIYBrm0bQ=="
      },
      "Microsoft.OpenApi": {
        "type": "Transitive",
        "resolved": "2.0.0",
        "contentHash": "GGYLfzV/G/ct80OZ45JxnWP7NvMX1BCugn/lX7TH5o0lcVaviavsLMTxmFV2AybXWjbi3h6FF1vgZiTK6PXndw=="
      },
      "Microsoft.TestPlatform.ObjectModel": {
        "type": "Transitive",
        "resolved": "17.14.1",
        "contentHash": "xTP1W6Mi6SWmuxd3a+jj9G9UoC850WGwZUps1Wah9r1ZxgXhdJfj1QqDLJkFjHDCvN42qDL2Ps5KjQYWUU0zcQ=="
      },
      "Microsoft.TestPlatform.TestHost": {
        "type": "Transitive",
        "resolved": "17.14.1",
        "contentHash": "d78LPzGKkJwsJXAQwsbJJ7LE7D1wB+rAyhHHAaODF+RDSQ0NgMjDFkSA1Djw18VrxO76GlKAjRUhl+H8NL8Z+Q==",
        "dependencies": {
          "Microsoft.TestPlatform.ObjectModel": "17.14.1",
          "Newtonsoft.Json": "13.0.3"
        }
      },
      "Microsoft.VisualStudio.Azure.Containers.Tools.Targets": {
        "type": "Transitive",
        "resolved": "1.23.0",
        "contentHash": "2wDnb4umupJZ/1ikgWozFVpggH1mlHQFc0odXVv2ZagL3RYwXgW9zmC15fiqIBzmaC0vLZUnLGwDY+p8ZR7Syw=="
      },
      "Newtonsoft.Json": {
        "type": "Transitive",
        "resolved": "13.0.3",
        "contentHash": "HrC5BXdl00IP9zeV+0Z848QWPAoCr9P3bDEZguI+gkLcBKAOxix/tLEAAHC+UvDNPv4a2d18lOReHMOagPa+zQ=="
      },
      "System.Diagnostics.EventLog": {
        "type": "Transitive",
        "resolved": "6.0.0",
        "contentHash": "lcyUiXTsETK2ALsZrX+nWuHSIQeazhqPphLfaRxzdGaG93+0kELqpgEHtwWOlQe7+jSFnKwaCAgL4kjeZCQJnw=="
      },
      "xunit.abstractions": {
        "type": "Transitive",
        "resolved": "2.0.3",
        "contentHash": "pot1I4YOxlWjIb5jmwvvQNbTrZ3lJQ+jUGkGjWE3hEFM0l5gOnBWS+H3qsex68s5cO52g+44vpGzhAt+42vwKg=="
      },
      "xunit.analyzers": {
        "type": "Transitive",
        "resolved": "1.18.0",
        "contentHash": "OtFMHN8yqIcYP9wcVIgJrq01AfTxijjAqVDy/WeQVSyrDC1RzBWeQPztL49DN2syXRah8TYnfvk035s7L95EZQ=="
      },
      "xunit.assert": {
        "type": "Transitive",
        "resolved": "2.9.3",
        "contentHash": "/Kq28fCE7MjOV42YLVRAJzRF0WmEqsmflm0cfpMjGtzQ2lR5mYVj1/i0Y8uDAOLczkL3/jArrwehfMD0YogMAA=="
      },
      "xunit.core": {
        "type": "Transitive",
        "resolved": "2.9.3",
        "contentHash": "BiAEvqGvyme19wE0wTKdADH+NloYqikiU0mcnmiNyXaF9HyHmE6sr/3DC5vnBkgsWaE6yPyWszKSPSApWdRVeQ==",
        "dependencies": {
          "xunit.extensibility.core": "[2.9.3]",
          "xunit.extensibility.execution": "[2.9.3]"
        }
      },
      "xunit.extensibility.core": {
        "type": "Transitive",
        "resolved": "2.9.3",
        "contentHash": "kf3si0YTn2a8J8eZNb+zFpwfoyvIrQ7ivNk5ZYA5yuYk1bEtMe4DxJ2CF/qsRgmEnDr7MnW1mxylBaHTZ4qErA==",
        "dependencies": {
          "xunit.abstractions": "2.0.3"
        }
      },
      "xunit.extensibility.execution": {
        "type": "Transitive",
        "resolved": "2.9.3",
        "contentHash": "yMb6vMESlSrE3Wfj7V6cjQ3S4TXdXpRqYeNEI3zsX31uTsGMJjEw6oD5F5u1cHnMptjhEECnmZSsPxB6ChZHDQ==",
        "dependencies": {
          "xunit.extensibility.core": "[2.9.3]"
        }
      },
      "GithubActionCICDExample.API": {
        "type": "Project",
        "dependencies": {
          "Microsoft.AspNetCore.OpenApi": "[10.0.5, )",
          "Microsoft.EntityFrameworkCore.InMemory": "[10.0.0-preview.3.25171.6, )",
          "Microsoft.VisualStudio.Azure.Containers.Tools.Targets": "[1.23.0, )"
        }
      }
    }
  }
}